// !$*UTF8*$!
{
	archiveVersion = 1;
	classes = {
	};
	objectVersion = 55;
	objects = {

/* Begin PBXBuildFile section */
		D041298A26795AB40013808C /* FileOptimiserApp.swift in Sources */ = {isa = PBXBuildFile; fileRef = D041298926795AB40013808C /* FileOptimiserApp.swift */; };
		D041298C26795AB40013808C /* ImportView.swift in Sources */ = {isa = PBXBuildFile; fileRef = D041298B26795AB40013808C /* ImportView.swift */; };
		D041298E26795AB60013808C /* Assets.xcassets in Resources */ = {isa = PBXBuildFile; fileRef = D041298D26795AB60013808C /* Assets.xcassets */; };
		D041299126795AB60013808C /* Preview Assets.xcassets in Resources */ = {isa = PBXBuildFile; fileRef = D041299026795AB60013808C /* Preview Assets.xcassets */; };
		D041299926795C1E0013808C /* DocumentPickerView.swift in Sources */ = {isa = PBXBuildFile; fileRef = D041299826795C1E0013808C /* DocumentPickerView.swift */; };
		D041299B267965FE0013808C /* PDFKitView.swift in Sources */ = {isa = PBXBuildFile; fileRef = D041299A267965FE0013808C /* PDFKitView.swift */; };
		D041299E2679684D0013808C /* Data+Extensions.swift in Sources */ = {isa = PBXBuildFile; fileRef = D041299D2679684D0013808C /* Data+Extensions.swift */; };
		D04129A126796C100013808C /* CompressionListView.swift in Sources */ = {isa = PBXBuildFile; fileRef = D04129A026796C100013808C /* CompressionListView.swift */; };
		D04129A32679BDC50013808C /* CompressionListViewModel.swift in Sources */ = {isa = PBXBuildFile; fileRef = D04129A22679BDC50013808C /* CompressionListViewModel.swift */; };
		D08C1D712680AC7700CEB114 /* UIImage+Extensions.swift in Sources */ = {isa = PBXBuildFile; fileRef = D08C1D702680AC7700CEB114 /* UIImage+Extensions.swift */; };
/* End PBXBuildFile section */

/* Begin PBXFileReference section */
		D041298626795AB40013808C /* FileOptimiser.app */ = {isa = PBXFileReference; explicitFileType = wrapper.application; includeInIndex = 0; path = FileOptimiser.app; sourceTree = BUILT_PRODUCTS_DIR; };
		D041298926795AB40013808C /* FileOptimiserApp.swift */ = {isa = PBXFileReference; lastKnownFileType = sourcecode.swift; path = FileOptimiserApp.swift; sourceTree = "<group>"; };
		D041298B26795AB40013808C /* ImportView.swift */ = {isa = PBXFileReference; lastKnownFileType = sourcecode.swift; path = ImportView.swift; sourceTree = "<group>"; };
		D041298D26795AB60013808C /* Assets.xcassets */ = {isa = PBXFileReference; lastKnownFileType = folder.assetcatalog; path = Assets.xcassets; sourceTree = "<group>"; };
		D041299026795AB60013808C /* Preview Assets.xcassets */ = {isa = PBXFileReference; lastKnownFileType = folder.assetcatalog; path = "Preview Assets.xcassets"; sourceTree = "<group>"; };
		D041299826795C1E0013808C /* DocumentPickerView.swift */ = {isa = PBXFileReference; lastKnownFileType = sourcecode.swift; path = DocumentPickerView.swift; sourceTree = "<group>"; };
		D041299A267965FE0013808C /* PDFKitView.swift */ = {isa = PBXFileReference; lastKnownFileType = sourcecode.swift; path = PDFKitView.swift; sourceTree = "<group>"; };
		D041299D2679684D0013808C /* Data+Extensions.swift */ = {isa = PBXFileReference; lastKnownFileType = sourcecode.swift; path = "Data+Extensions.swift"; sourceTree = "<group>"; };
		D04129A026796C100013808C /* CompressionListView.swift */ = {isa = PBXFileReference; lastKnownFileType = sourcecode.swift; path = CompressionListView.swift; sourceTree = "<group>"; };
		D04129A22679BDC50013808C /* CompressionListViewModel.swift */ = {isa = PBXFileReference; lastKnownFileType = sourcecode.swift; path = CompressionListViewModel.swift; sourceTree = "<group>"; };
		D08C1D6F26809FCA00CEB114 /* FileOptimiser.entitlements */ = {isa = PBXFileReference; lastKnownFileType = text.plist.entitlements; path = FileOptimiser.entitlements; sourceTree = "<group>"; };
		D08C1D702680AC7700CEB114 /* UIImage+Extensions.swift */ = {isa = PBXFileReference; lastKnownFileType = sourcecode.swift; path = "UIImage+Extensions.swift"; sourceTree = "<group>"; };
/* End PBXFileReference section */

/* Begin PBXFrameworksBuildPhase section */
		D041298326795AB40013808C /* Frameworks */ = {
			isa = PBXFrameworksBuildPhase;
			buildActionMask = 2147483647;
			files = (
			);
			runOnlyForDeploymentPostprocessing = 0;
		};
/* End PBXFrameworksBuildPhase section */

/* Begin PBXGroup section */
		D041297D26795AB40013808C = {
			isa = PBXGroup;
			children = (
				D041298826795AB40013808C /* FileOptimiser */,
				D041298726795AB40013808C /* Products */,
			);
			sourceTree = "<group>";
		};
		D041298726795AB40013808C /* Products */ = {
			isa = PBXGroup;
			children = (
				D041298626795AB40013808C /* FileOptimiser.app */,
			);
			name = Products;
			sourceTree = "<group>";
		};
		D041298826795AB40013808C /* FileOptimiser */ = {
			isa = PBXGroup;
			children = (
				D08C1D6F26809FCA00CEB114 /* FileOptimiser.entitlements */,
				D041299C2679683A0013808C /* Extensions */,
				D041299726795C070013808C /* Component */,
				D041299F267969D30013808C /* Views */,
				D041298926795AB40013808C /* FileOptimiserApp.swift */,
				D041298D26795AB60013808C /* Assets.xcassets */,
				D041298F26795AB60013808C /* Preview Content */,
			);
			path = FileOptimiser;
			sourceTree = "<group>";
		};
		D041298F26795AB60013808C /* Preview Content */ = {
			isa = PBXGroup;
			children = (
				D041299026795AB60013808C /* Preview Assets.xcassets */,
			);
			path = "Preview Content";
			sourceTree = "<group>";
		};
		D041299726795C070013808C /* Component */ = {
			isa = PBXGroup;
			children = (
				D041299826795C1E0013808C /* DocumentPickerView.swift */,
				D041299A267965FE0013808C /* PDFKitView.swift */,
			);
			path = Component;
			sourceTree = "<group>";
		};
		D041299C2679683A0013808C /* Extensions */ = {
			isa = PBXGroup;
			children = (
				D041299D2679684D0013808C /* Data+Extensions.swift */,
				D08C1D702680AC7700CEB114 /* UIImage+Extensions.swift */,
			);
			path = Extensions;
			sourceTree = "<group>";
		};
		D041299F267969D30013808C /* Views */ = {
			isa = PBXGroup;
			children = (
				D041298B26795AB40013808C /* ImportView.swift */,
				D04129A026796C100013808C /* CompressionListView.swift */,
				D04129A22679BDC50013808C /* CompressionListViewModel.swift */,
			);
			path = Views;
			sourceTree = "<group>";
		};
/* End PBXGroup section */

/* Begin PBXNativeTarget section */
		D041298526795AB40013808C /* FileOptimiser */ = {
			isa = PBXNativeTarget;
			buildConfigurationList = D041299426795AB60013808C /* Build configuration list for PBXNativeTarget "FileOptimiser" */;
			buildPhases = (
				D041298226795AB40013808C /* Sources */,
				D041298326795AB40013808C /* Frameworks */,
				D041298426795AB40013808C /* Resources */,
			);
			buildRules = (
			);
			dependencies = (
			);
			name = FileOptimiser;
			productName = FileOptimiser;
			productReference = D041298626795AB40013808C /* FileOptimiser.app */;
			productType = "com.apple.product-type.application";
		};
/* End PBXNativeTarget section */

/* Begin PBXProject section */
		D041297E26795AB40013808C /* Project object */ = {
			isa = PBXProject;
			attributes = {
				BuildIndependentTargetsInParallel = 1;
				LastSwiftUpdateCheck = 1300;
				LastUpgradeCheck = 1300;
				TargetAttributes = {
					D041298526795AB40013808C = {
						CreatedOnToolsVersion = 13.0;
					};
				};
			};
			buildConfigurationList = D041298126795AB40013808C /* Build configuration list for PBXProject "FileOptimiser" */;
			compatibilityVersion = "Xcode 13.0";
			developmentRegion = en;
			hasScannedForEncodings = 0;
			knownRegions = (
				en,
				Base,
			);
			mainGroup = D041297D26795AB40013808C;
			productRefGroup = D041298726795AB40013808C /* Products */;
			projectDirPath = "";
			projectRoot = "";
			targets = (
				D041298526795AB40013808C /* FileOptimiser */,
			);
		};
/* End PBXProject section */

/* Begin PBXResourcesBuildPhase section */
		D041298426795AB40013808C /* Resources */ = {
			isa = PBXResourcesBuildPhase;
			buildActionMask = 2147483647;
			files = (
				D041299126795AB60013808C /* Preview Assets.xcassets in Resources */,
				D041298E26795AB60013808C /* Assets.xcassets in Resources */,
			);
			runOnlyForDeploymentPostprocessing = 0;
		};
/* End PBXResourcesBuildPhase section */

/* Begin PBXSourcesBuildPhase section */
		D041298226795AB40013808C /* Sources */ = {
			isa = PBXSourcesBuildPhase;
			buildActionMask = 2147483647;
			files = (
				D041299B267965FE0013808C /* PDFKitView.swift in Sources */,
				D04129A32679BDC50013808C /* CompressionListViewModel.swift in Sources */,
				D041298C26795AB40013808C /* ImportView.swift in Sources */,
				D041299926795C1E0013808C /* DocumentPickerView.swift in Sources */,
				D041298A26795AB40013808C /* FileOptimiserApp.swift in Sources */,
				D041299E2679684D0013808C /* Data+Extensions.swift in Sources */,
				D04129A126796C100013808C /* CompressionListView.swift in Sources */,
				D08C1D712680AC7700CEB114 /* UIImage+Extensions.swift in Sources */,
			);
			runOnlyForDeploymentPostprocessing = 0;
		};
/* End PBXSourcesBuildPhase section */

/* Begin XCBuildConfiguration section */
		D041299226795AB60013808C /* Debug */ = {
			isa = XCBuildConfiguration;
			buildSettings = {
				ALWAYS_SEARCH_USER_PATHS = NO;
				CLANG_ANALYZER_NONNULL = YES;
				CLANG_ANALYZER_NUMBER_OBJECT_CONVERSION = YES_AGGRESSIVE;
				CLANG_CXX_LANGUAGE_STANDARD = "gnu++14";
				CLANG_CXX_LIBRARY = "libc++";
				CLANG_ENABLE_MODULES = YES;
				CLANG_ENABLE_OBJC_ARC = YES;
				CLANG_ENABLE_OBJC_WEAK = YES;
				CLANG_WARN_BLOCK_CAPTURE_AUTORELEASING = YES;
				CLANG_WARN_BOOL_CONVERSION = YES;
				CLANG_WARN_COMMA = YES;
				CLANG_WARN_CONSTANT_CONVERSION = YES;
				CLANG_WARN_DEPRECATED_OBJC_IMPLEMENTATIONS = YES;
				CLANG_WARN_DIRECT_OBJC_ISA_USAGE = YES_ERROR;
				CLANG_WARN_DOCUMENTATION_COMMENTS = YES;
				CLANG_WARN_EMPTY_BODY = YES;
				CLANG_WARN_ENUM_CONVERSION = YES;
				CLANG_WARN_INFINITE_RECURSION = YES;
				CLANG_WARN_INT_CONVERSION = YES;
				CLANG_WARN_NON_LITERAL_NULL_CONVERSION = YES;
				CLANG_WARN_OBJC_IMPLICIT_RETAIN_SELF = YES;
				CLANG_WARN_OBJC_LITERAL_CONVERSION = YES;
				CLANG_WARN_OBJC_ROOT_CLASS = YES_ERROR;
				CLANG_WARN_QUOTED_INCLUDE_IN_FRAMEWORK_HEADER = YES;
				CLANG_WARN_RANGE_LOOP_ANALYSIS = YES;
				CLANG_WARN_STRICT_PROTOTYPES = YES;
				CLANG_WARN_SUSPICIOUS_MOVE = YES;
				CLANG_WARN_UNGUARDED_AVAILABILITY = YES_AGGRESSIVE;
				CLANG_WARN_UNREACHABLE_CODE = YES;
				CLANG_WARN__DUPLICATE_METHOD_MATCH = YES;
				COPY_PHASE_STRIP = NO;
				DEBUG_INFORMATION_FORMAT = dwarf;
				ENABLE_STRICT_OBJC_MSGSEND = YES;
				ENABLE_TESTABILITY = YES;
				GCC_C_LANGUAGE_STANDARD = gnu11;
				GCC_DYNAMIC_NO_PIC = NO;
				GCC_NO_COMMON_BLOCKS = YES;
				GCC_OPTIMIZATION_LEVEL = 0;
				GCC_PREPROCESSOR_DEFINITIONS = (
					"DEBUG=1",
					"$(inherited)",
				);
				GCC_WARN_64_TO_32_BIT_CONVERSION = YES;
				GCC_WARN_ABOUT_RETURN_TYPE = YES_ERROR;
				GCC_WARN_UNDECLARED_SELECTOR = YES;
				GCC_WARN_UNINITIALIZED_AUTOS = YES_AGGRESSIVE;
				GCC_WARN_UNUSED_FUNCTION = YES;
				GCC_WARN_UNUSED_VARIABLE = YES;
				IPHONEOS_DEPLOYMENT_TARGET = 15.0;
				MTL_ENABLE_DEBUG_INFO = INCLUDE_SOURCE;
				MTL_FAST_MATH = YES;
				ONLY_ACTIVE_ARCH = YES;
				SDKROOT = iphoneos;
				SWIFT_ACTIVE_COMPILATION_CONDITIONS = DEBUG;
				SWIFT_OPTIMIZATION_LEVEL = "-Onone";
			};
			name = Debug;
		};
		D041299326795AB60013808C /* Release */ = {
			isa = XCBuildConfiguration;
			buildSettings = {
				ALWAYS_SEARCH_USER_PATHS = NO;
				CLANG_ANALYZER_NONNULL = YES;
				CLANG_ANALYZER_NUMBER_OBJECT_CONVERSION = YES_AGGRESSIVE;
				CLANG_CXX_LANGUAGE_STANDARD = "gnu++14";
				CLANG_CXX_LIBRARY = "libc++";
				CLANG_ENABLE_MODULES = YES;
				CLANG_ENABLE_OBJC_ARC = YES;
				CLANG_ENABLE_OBJC_WEAK = YES;
				CLANG_WARN_BLOCK_CAPTURE_AUTORELEASING = YES;
				CLANG_WARN_BOOL_CONVERSION = YES;
				CLANG_WARN_COMMA = YES;
				CLANG_WARN_CONSTANT_CONVERSION = YES;
				CLANG_WARN_DEPRECATED_OBJC_IMPLEMENTATIONS = YES;
				CLANG_WARN_DIRECT_OBJC_ISA_USAGE = YES_ERROR;
				CLANG_WARN_DOCUMENTATION_COMMENTS = YES;
				CLANG_WARN_EMPTY_BODY = YES;
				CLANG_WARN_ENUM_CONVERSION = YES;
				CLANG_WARN_INFINITE_RECURSION = YES;
				CLANG_WARN_INT_CONVERSION = YES;
				CLANG_WARN_NON_LITERAL_NULL_CONVERSION = YES;
				CLANG_WARN_OBJC_IMPLICIT_RETAIN_SELF = YES;
				CLANG_WARN_OBJC_LITERAL_CONVERSION = YES;
				CLANG_WARN_OBJC_ROOT_CLASS = YES_ERROR;
				CLANG_WARN_QUOTED_INCLUDE_IN_FRAMEWORK_HEADER = YES;
				CLANG_WARN_RANGE_LOOP_ANALYSIS = YES;
				CLANG_WARN_STRICT_PROTOTYPES = YES;
				CLANG_WARN_SUSPICIOUS_MOVE = YES;
				CLANG_WARN_UNGUARDED_AVAILABILITY = YES_AGGRESSIVE;
				CLANG_WARN_UNREACHABLE_CODE = YES;
				CLANG_WARN__DUPLICATE_METHOD_MATCH = YES;
				COPY_PHASE_STRIP = NO;
				DEBUG_INFORMATION_FORMAT = "dwarf-with-dsym";
				ENABLE_NS_ASSERTIONS = NO;
				ENABLE_STRICT_OBJC_MSGSEND = YES;
				GCC_C_LANGUAGE_STANDARD = gnu11;
				GCC_NO_COMMON_BLOCKS = YES;
				GCC_WARN_64_TO_32_BIT_CONVERSION = YES;
				GCC_WARN_ABOUT_RETURN_TYPE = YES_ERROR;
				GCC_WARN_UNDECLARED_SELECTOR = YES;
				GCC_WARN_UNINITIALIZED_AUTOS = YES_AGGRESSIVE;
				GCC_WARN_UNUSED_FUNCTION = YES;
				GCC_WARN_UNUSED_VARIABLE = YES;
				IPHONEOS_DEPLOYMENT_TARGET = 15.0;
				MTL_ENABLE_DEBUG_INFO = NO;
				MTL_FAST_MATH = YES;
				SDKROOT = iphoneos;
				SWIFT_COMPILATION_MODE = wholemodule;
				SWIFT_OPTIMIZATION_LEVEL = "-O";
				VALIDATE_PRODUCT = YES;
			};
			name = Release;
		};
		D041299526795AB60013808C /* Debug */ = {
			isa = XCBuildConfiguration;
			buildSettings = {
				ASSETCATALOG_COMPILER_APPICON_NAME = AppIcon;
				ASSETCATALOG_COMPILER_GLOBAL_ACCENT_COLOR_NAME = AccentColor;
				CODE_SIGN_ENTITLEMENTS = FileOptimiser/FileOptimiser.entitlements;
				CODE_SIGN_STYLE = Automatic;
				CURRENT_PROJECT_VERSION = 1;
				DEVELOPMENT_ASSET_PATHS = "\"FileOptimiser/Preview Content\"";
				DEVELOPMENT_TEAM = 94FLWD5X32;
				ENABLE_PREVIEWS = YES;
				GENERATE_INFOPLIST_FILE = YES;
				INFOPLIST_KEY_UIApplicationSceneManifest_Generation = YES;
				INFOPLIST_KEY_UIApplicationSupportsIndirectInputEvents = YES;
				INFOPLIST_KEY_UILaunchScreen_Generation = YES;
				INFOPLIST_KEY_UISupportedInterfaceOrientations_iPad = "UIInterfaceOrientationPortrait UIInterfaceOrientationPortraitUpsideDown UIInterfaceOrientationLandscapeLeft UIInterfaceOrientationLandscapeRight";
				INFOPLIST_KEY_UISupportedInterfaceOrientations_iPhone = "UIInterfaceOrientationPortrait UIInterfaceOrientationLandscapeLeft UIInterfaceOrientationLandscapeRight";
				IPHONEOS_DEPLOYMENT_TARGET = 14.0;
				LD_RUNPATH_SEARCH_PATHS = (
					"$(inherited)",
					"@executable_path/Frameworks",
				);
				MARKETING_VERSION = 1.0;
				PRODUCT_BUNDLE_IDENTIFIER = com.maxencemottard.FileOptimiser;
				PRODUCT_NAME = "$(TARGET_NAME)";
				SUPPORTS_MACCATALYST = NO;
				SWIFT_EMIT_LOC_STRINGS = YES;
				SWIFT_VERSION = 5.0;
				TARGETED_DEVICE_FAMILY = "1,2";
			};
			name = Debug;
		};
		D041299626795AB60013808C /* Release */ = {
			isa = XCBuildConfiguration;
			buildSettings = {
				ASSETCATALOG_COMPILER_APPICON_NAME = AppIcon;
				ASSETCATALOG_COMPILER_GLOBAL_ACCENT_COLOR_NAME = AccentColor;
				CODE_SIGN_ENTITLEMENTS = FileOptimiser/FileOptimiser.entitlements;
				CODE_SIGN_STYLE = Automatic;
				CURRENT_PROJECT_VERSION = 1;
				DEVELOPMENT_ASSET_PATHS = "\"FileOptimiser/Preview Content\"";
				DEVELOPMENT_TEAM = 94FLWD5X32;
				ENABLE_PREVIEWS = YES;
				GENERATE_INFOPLIST_FILE = YES;
				INFOPLIST_KEY_UIApplicationSceneManifest_Generation = YES;
				INFOPLIST_KEY_UIApplicationSupportsIndirectInputEvents = YES;
				INFOPLIST_KEY_UILaunchScreen_Generation = YES;
				INFOPLIST_KEY_UISupportedInterfaceOrientations_iPad = "UIInterfaceOrientationPortrait UIInterfaceOrientationPortraitUpsideDown UIInterfaceOrientationLandscapeLeft UIInterfaceOrientationLandscapeRight";
				INFOPLIST_KEY_UISupportedInterfaceOrientations_iPhone = "UIInterfaceOrientationPortrait UIInterfaceOrientationLandscapeLeft UIInterfaceOrientationLandscapeRight";
				IPHONEOS_DEPLOYMENT_TARGET = 14.0;
				LD_RUNPATH_SEARCH_PATHS = (
					"$(inherited)",
					"@executable_path/Frameworks",
				);
				MARKETING_VERSION = 1.0;
				PRODUCT_BUNDLE_IDENTIFIER = com.maxencemottard.FileOptimiser;
				PRODUCT_NAME = "$(TARGET_NAME)";
				SUPPORTS_MACCATALYST = NO;
				SWIFT_EMIT_LOC_STRINGS = YES;
				SWIFT_VERSION = 5.0;
				TARGETED_DEVICE_FAMILY = "1,2";
			};
			name = Release;
		};
/* End XCBuildConfiguration section */

/* Begin XCConfigurationList section */
		D041298126795AB40013808C /* Build configuration list for PBXProject "FileOptimiser" */ = {
			isa = XCConfigurationList;
			buildConfigurations = (
				D041299226795AB60013808C /* Debug */,
				D041299326795AB60013808C /* Release */,
			);
			defaultConfigurationIsVisible = 0;
			defaultConfigurationName = Release;
		};
		D041299426795AB60013808C /* Build configuration list for PBXNativeTarget "FileOptimiser" */ = {
			isa = XCConfigurationList;
			buildConfigurations = (
				D041299526795AB60013808C /* Debug */,
				D041299626795AB60013808C /* Release */,
			);
			defaultConfigurationIsVisible = 0;
			defaultConfigurationName = Release;
		};
/* End XCConfigurationList section */
	};
	rootObject = D041297E26795AB40013808C /* Project object */;
}
